// !$*UTF8*$!
{
	archiveVersion = 1;
	classes = {
	};
	objectVersion = 55;
	objects = {

/* Begin PBXBuildFile section */
		BD119C2A281AE2FF001F510B /* ProductTableViewCell.swift in Sources */ = {isa = PBXBuildFile; fileRef = BD119C28281AE2FF001F510B /* ProductTableViewCell.swift */; };
		BD119C2B281AE300001F510B /* ProductTableViewCell.xib in Resources */ = {isa = PBXBuildFile; fileRef = BD119C29281AE2FF001F510B /* ProductTableViewCell.xib */; };
		BD119C2D281AED07001F510B /* MoistViewController.swift in Sources */ = {isa = PBXBuildFile; fileRef = BD119C2C281AED07001F510B /* MoistViewController.swift */; };
		BD4A5EA92817EC50009E000E /* DetailsViewController.swift in Sources */ = {isa = PBXBuildFile; fileRef = BD4A5EA82817EC50009E000E /* DetailsViewController.swift */; };
		BD616B2C28274F5600A5A10A /* ModallyViewController.swift in Sources */ = {isa = PBXBuildFile; fileRef = BD616B2B28274F5600A5A10A /* ModallyViewController.swift */; };
		BD97398A2817DECC00C1FF0A /* AppDelegate.swift in Sources */ = {isa = PBXBuildFile; fileRef = BD9739892817DECC00C1FF0A /* AppDelegate.swift */; };
		BD97398C2817DECC00C1FF0A /* SceneDelegate.swift in Sources */ = {isa = PBXBuildFile; fileRef = BD97398B2817DECC00C1FF0A /* SceneDelegate.swift */; };
		BD97398E2817DECC00C1FF0A /* ViewController.swift in Sources */ = {isa = PBXBuildFile; fileRef = BD97398D2817DECC00C1FF0A /* ViewController.swift */; };
		BD9739912817DECC00C1FF0A /* Main.storyboard in Resources */ = {isa = PBXBuildFile; fileRef = BD97398F2817DECC00C1FF0A /* Main.storyboard */; };
		BD9739932817DECC00C1FF0A /* Assets.xcassets in Resources */ = {isa = PBXBuildFile; fileRef = BD9739922817DECC00C1FF0A /* Assets.xcassets */; };
		BD9739962817DECC00C1FF0A /* LaunchScreen.storyboard in Resources */ = {isa = PBXBuildFile; fileRef = BD9739942817DECC00C1FF0A /* LaunchScreen.storyboard */; };
/* End PBXBuildFile section */

/* Begin PBXFileReference section */
		BD119C28281AE2FF001F510B /* ProductTableViewCell.swift */ = {isa = PBXFileReference; lastKnownFileType = sourcecode.swift; path = ProductTableViewCell.swift; sourceTree = "<group>"; };
		BD119C29281AE2FF001F510B /* ProductTableViewCell.xib */ = {isa = PBXFileReference; lastKnownFileType = file.xib; path = ProductTableViewCell.xib; sourceTree = "<group>"; };
		BD119C2C281AED07001F510B /* MoistViewController.swift */ = {isa = PBXFileReference; lastKnownFileType = sourcecode.swift; path = MoistViewController.swift; sourceTree = "<group>"; };
		BD4A5EA82817EC50009E000E /* DetailsViewController.swift */ = {isa = PBXFileReference; lastKnownFileType = sourcecode.swift; path = DetailsViewController.swift; sourceTree = "<group>"; };
		BD616B2B28274F5600A5A10A /* ModallyViewController.swift */ = {isa = PBXFileReference; lastKnownFileType = sourcecode.swift; path = ModallyViewController.swift; sourceTree = "<group>"; };
		BD9739862817DECC00C1FF0A /* Nano1.app */ = {isa = PBXFileReference; explicitFileType = wrapper.application; includeInIndex = 0; path = Nano1.app; sourceTree = BUILT_PRODUCTS_DIR; };
		BD9739892817DECC00C1FF0A /* AppDelegate.swift */ = {isa = PBXFileReference; lastKnownFileType = sourcecode.swift; path = AppDelegate.swift; sourceTree = "<group>"; };
		BD97398B2817DECC00C1FF0A /* SceneDelegate.swift */ = {isa = PBXFileReference; lastKnownFileType = sourcecode.swift; path = SceneDelegate.swift; sourceTree = "<group>"; };
		BD97398D2817DECC00C1FF0A /* ViewController.swift */ = {isa = PBXFileReference; lastKnownFileType = sourcecode.swift; path = ViewController.swift; sourceTree = "<group>"; };
		BD9739902817DECC00C1FF0A /* Base */ = {isa = PBXFileReference; lastKnownFileType = file.storyboard; name = Base; path = Base.lproj/Main.storyboard; sourceTree = "<group>"; };
		BD9739922817DECC00C1FF0A /* Assets.xcassets */ = {isa = PBXFileReference; lastKnownFileType = folder.assetcatalog; path = Assets.xcassets; sourceTree = "<group>"; };
		BD9739952817DECC00C1FF0A /* Base */ = {isa = PBXFileReference; lastKnownFileType = file.storyboard; name = Base; path = Base.lproj/LaunchScreen.storyboard; sourceTree = "<group>"; };
		BD9739972817DECC00C1FF0A /* Info.plist */ = {isa = PBXFileReference; lastKnownFileType = text.plist.xml; path = Info.plist; sourceTree = "<group>"; };
/* End PBXFileReference section */

/* Begin PBXFrameworksBuildPhase section */
		BD9739832817DECC00C1FF0A /* Frameworks */ = {
			isa = PBXFrameworksBuildPhase;
			buildActionMask = 2147483647;
			files = (
			);
			runOnlyForDeploymentPostprocessing = 0;
		};
/* End PBXFrameworksBuildPhase section */

/* Begin PBXGroup section */
		BD97397D2817DECC00C1FF0A = {
			isa = PBXGroup;
			children = (
				BD9739882817DECC00C1FF0A /* Nano1 */,
				BD9739872817DECC00C1FF0A /* Products */,
			);
			sourceTree = "<group>";
		};
		BD9739872817DECC00C1FF0A /* Products */ = {
			isa = PBXGroup;
			children = (
				BD9739862817DECC00C1FF0A /* Nano1.app */,
			);
			name = Products;
			sourceTree = "<group>";
		};
		BD9739882817DECC00C1FF0A /* Nano1 */ = {
			isa = PBXGroup;
			children = (
				BD9739892817DECC00C1FF0A /* AppDelegate.swift */,
				BD97398B2817DECC00C1FF0A /* SceneDelegate.swift */,
				BD97398D2817DECC00C1FF0A /* ViewController.swift */,
				BD4A5EA82817EC50009E000E /* DetailsViewController.swift */,
				BD119C2C281AED07001F510B /* MoistViewController.swift */,
				BD97398F2817DECC00C1FF0A /* Main.storyboard */,
				BD616B2B28274F5600A5A10A /* ModallyViewController.swift */,
				BD9739922817DECC00C1FF0A /* Assets.xcassets */,
				BD9739942817DECC00C1FF0A /* LaunchScreen.storyboard */,
				BD9739972817DECC00C1FF0A /* Info.plist */,
				BD119C28281AE2FF001F510B /* ProductTableViewCell.swift */,
				BD119C29281AE2FF001F510B /* ProductTableViewCell.xib */,
			);
			path = Nano1;
			sourceTree = "<group>";
		};
/* End PBXGroup section */

/* Begin PBXNativeTarget section */
		BD9739852817DECC00C1FF0A /* Nano1 */ = {
			isa = PBXNativeTarget;
			buildConfigurationList = BD97399A2817DECC00C1FF0A /* Build configuration list for PBXNativeTarget "Nano1" */;
			buildPhases = (
				BD9739822817DECC00C1FF0A /* Sources */,
				BD9739832817DECC00C1FF0A /* Frameworks */,
				BD9739842817DECC00C1FF0A /* Resources */,
			);
			buildRules = (
			);
			dependencies = (
			);
			name = Nano1;
			productName = Nano1;
			productReference = BD9739862817DECC00C1FF0A /* Nano1.app */;
			productType = "com.apple.product-type.application";
		};
/* End PBXNativeTarget section */

/* Begin PBXProject section */
		BD97397E2817DECC00C1FF0A /* Project object */ = {
			isa = PBXProject;
			attributes = {
				BuildIndependentTargetsInParallel = 1;
				LastSwiftUpdateCheck = 1330;
				LastUpgradeCheck = 1330;
				TargetAttributes = {
					BD9739852817DECC00C1FF0A = {
						CreatedOnToolsVersion = 13.3;
					};
				};
			};
			buildConfigurationList = BD9739812817DECC00C1FF0A /* Build configuration list for PBXProject "Nano1" */;
			compatibilityVersion = "Xcode 13.0";
			developmentRegion = en;
			hasScannedForEncodings = 0;
			knownRegions = (
				en,
				Base,
			);
			mainGroup = BD97397D2817DECC00C1FF0A;
			productRefGroup = BD9739872817DECC00C1FF0A /* Products */;
			projectDirPath = "";
			projectRoot = "";
			targets = (
				BD9739852817DECC00C1FF0A /* Nano1 */,
			);
		};
/* End PBXProject section */

/* Begin PBXResourcesBuildPhase section */
		BD9739842817DECC00C1FF0A /* Resources */ = {
			isa = PBXResourcesBuildPhase;
			buildActionMask = 2147483647;
			files = (
				BD9739962817DECC00C1FF0A /* LaunchScreen.storyboard in Resources */,
				BD119C2B281AE300001F510B /* ProductTableViewCell.xib in Resources */,
				BD9739932817DECC00C1FF0A /* Assets.xcassets in Resources */,
				BD9739912817DECC00C1FF0A /* Main.storyboard in Resources */,
			);
			runOnlyForDeploymentPostprocessing = 0;
		};
/* End PBXResourcesBuildPhase section */

/* Begin PBXSourcesBuildPhase section */
		BD9739822817DECC00C1FF0A /* Sources */ = {
			isa = PBXSourcesBuildPhase;
			buildActionMask = 2147483647;
			files = (
				BD97398E2817DECC00C1FF0A /* ViewController.swift in Sources */,
				BD97398A2817DECC00C1FF0A /* AppDelegate.swift in Sources */,
				BD119C2A281AE2FF001F510B /* ProductTableViewCell.swift in Sources */,
				BD97398C2817DECC00C1FF0A /* SceneDelegate.swift in Sources */,
				BD616B2C28274F5600A5A10A /* ModallyViewController.swift in Sources */,
				BD4A5EA92817EC50009E000E /* DetailsViewController.swift in Sources */,
				BD119C2D281AED07001F510B /* MoistViewController.swift in Sources */,
			);
			runOnlyForDeploymentPostprocessing = 0;
		};
/* End PBXSourcesBuildPhase section */

/* Begin PBXVariantGroup section */
		BD97398F2817DECC00C1FF0A /* Main.storyboard */ = {
			isa = PBXVariantGroup;
			children = (
				BD9739902817DECC00C1FF0A /* Base */,
			);
			name = Main.storyboard;
			sourceTree = "<group>";
		};
		BD9739942817DECC00C1FF0A /* LaunchScreen.storyboard */ = {
			isa = PBXVariantGroup;
			children = (
				BD9739952817DECC00C1FF0A /* Base */,
			);
			name = LaunchScreen.storyboard;
			sourceTree = "<group>";
		};
/* End PBXVariantGroup section */

/* Begin XCBuildConfiguration section */
		BD9739982817DECC00C1FF0A /* Debug */ = {
			isa = XCBuildConfiguration;
			buildSettings = {
				ALWAYS_SEARCH_USER_PATHS = NO;
				CLANG_ANALYZER_NONNULL = YES;
				CLANG_ANALYZER_NUMBER_OBJECT_CONVERSION = YES_AGGRESSIVE;
				CLANG_CXX_LANGUAGE_STANDARD = "gnu++17";
				CLANG_ENABLE_MODULES = YES;
				CLANG_ENABLE_OBJC_ARC = YES;
				CLANG_ENABLE_OBJC_WEAK = YES;
				CLANG_WARN_BLOCK_CAPTURE_AUTORELEASING = YES;
				CLANG_WARN_BOOL_CONVERSION = YES;
				CLANG_WARN_COMMA = YES;
				CLANG_WARN_CONSTANT_CONVERSION = YES;
				CLANG_WARN_DEPRECATED_OBJC_IMPLEMENTATIONS = YES;
				CLANG_WARN_DIRECT_OBJC_ISA_USAGE = YES_ERROR;
				CLANG_WARN_DOCUMENTATION_COMMENTS = YES;
				CLANG_WARN_EMPTY_BODY = YES;
				CLANG_WARN_ENUM_CONVERSION = YES;
				CLANG_WARN_INFINITE_RECURSION = YES;
				CLANG_WARN_INT_CONVERSION = YES;
				CLANG_WARN_NON_LITERAL_NULL_CONVERSION = YES;
				CLANG_WARN_OBJC_IMPLICIT_RETAIN_SELF = YES;
				CLANG_WARN_OBJC_LITERAL_CONVERSION = YES;
				CLANG_WARN_OBJC_ROOT_CLASS = YES_ERROR;
				CLANG_WARN_QUOTED_INCLUDE_IN_FRAMEWORK_HEADER = YES;
				CLANG_WARN_RANGE_LOOP_ANALYSIS = YES;
				CLANG_WARN_STRICT_PROTOTYPES = YES;
				CLANG_WARN_SUSPICIOUS_MOVE = YES;
				CLANG_WARN_UNGUARDED_AVAILABILITY = YES_AGGRESSIVE;
				CLANG_WARN_UNREACHABLE_CODE = YES;
				CLANG_WARN__DUPLICATE_METHOD_MATCH = YES;
				COPY_PHASE_STRIP = NO;
				DEBUG_INFORMATION_FORMAT = dwarf;
				ENABLE_STRICT_OBJC_MSGSEND = YES;
				ENABLE_TESTABILITY = YES;
				GCC_C_LANGUAGE_STANDARD = gnu11;
				GCC_DYNAMIC_NO_PIC = NO;
				GCC_NO_COMMON_BLOCKS = YES;
				GCC_OPTIMIZATION_LEVEL = 0;
				GCC_PREPROCESSOR_DEFINITIONS = (
					"DEBUG=1",
					"$(inherited)",
				);
				GCC_WARN_64_TO_32_BIT_CONVERSION = YES;
				GCC_WARN_ABOUT_RETURN_TYPE = YES_ERROR;
				GCC_WARN_UNDECLARED_SELECTOR = YES;
				GCC_WARN_UNINITIALIZED_AUTOS = YES_AGGRESSIVE;
				GCC_WARN_UNUSED_FUNCTION = YES;
				GCC_WARN_UNUSED_VARIABLE = YES;
				IPHONEOS_DEPLOYMENT_TARGET = 15.4;
				MTL_ENABLE_DEBUG_INFO = INCLUDE_SOURCE;
				MTL_FAST_MATH = YES;
				ONLY_ACTIVE_ARCH = YES;
				SDKROOT = iphoneos;
				SWIFT_ACTIVE_COMPILATION_CONDITIONS = DEBUG;
				SWIFT_OPTIMIZATION_LEVEL = "-Onone";
			};
			name = Debug;
		};
		BD9739992817DECC00C1FF0A /* Release */ = {
			isa = XCBuildConfiguration;
			buildSettings = {
				ALWAYS_SEARCH_USER_PATHS = NO;
				CLANG_ANALYZER_NONNULL = YES;
				CLANG_ANALYZER_NUMBER_OBJECT_CONVERSION = YES_AGGRESSIVE;
				CLANG_CXX_LANGUAGE_STANDARD = "gnu++17";
				CLANG_ENABLE_MODULES = YES;
				CLANG_ENABLE_OBJC_ARC = YES;
				CLANG_ENABLE_OBJC_WEAK = YES;
				CLANG_WARN_BLOCK_CAPTURE_AUTORELEASING = YES;
				CLANG_WARN_BOOL_CONVERSION = YES;
				CLANG_WARN_COMMA = YES;
				CLANG_WARN_CONSTANT_CONVERSION = YES;
				CLANG_WARN_DEPRECATED_OBJC_IMPLEMENTATIONS = YES;
				CLANG_WARN_DIRECT_OBJC_ISA_USAGE = YES_ERROR;
				CLANG_WARN_DOCUMENTATION_COMMENTS = YES;
				CLANG_WARN_EMPTY_BODY = YES;
				CLANG_WARN_ENUM_CONVERSION = YES;
				CLANG_WARN_INFINITE_RECURSION = YES;
				CLANG_WARN_INT_CONVERSION = YES;
				CLANG_WARN_NON_LITERAL_NULL_CONVERSION = YES;
				CLANG_WARN_OBJC_IMPLICIT_RETAIN_SELF = YES;
				CLANG_WARN_OBJC_LITERAL_CONVERSION = YES;
				CLANG_WARN_OBJC_ROOT_CLASS = YES_ERROR;
				CLANG_WARN_QUOTED_INCLUDE_IN_FRAMEWORK_HEADER = YES;
				CLANG_WARN_RANGE_LOOP_ANALYSIS = YES;
				CLANG_WARN_STRICT_PROTOTYPES = YES;
				CLANG_WARN_SUSPICIOUS_MOVE = YES;
				CLANG_WARN_UNGUARDED_AVAILABILITY = YES_AGGRESSIVE;
				CLANG_WARN_UNREACHABLE_CODE = YES;
				CLANG_WARN__DUPLICATE_METHOD_MATCH = YES;
				COPY_PHASE_STRIP = NO;
				DEBUG_INFORMATION_FORMAT = "dwarf-with-dsym";
				ENABLE_NS_ASSERTIONS = NO;
				ENABLE_STRICT_OBJC_MSGSEND = YES;
				GCC_C_LANGUAGE_STANDARD = gnu11;
				GCC_NO_COMMON_BLOCKS = YES;
				GCC_WARN_64_TO_32_BIT_CONVERSION = YES;
				GCC_WARN_ABOUT_RETURN_TYPE = YES_ERROR;
				GCC_WARN_UNDECLARED_SELECTOR = YES;
				GCC_WARN_UNINITIALIZED_AUTOS = YES_AGGRESSIVE;
				GCC_WARN_UNUSED_FUNCTION = YES;
				GCC_WARN_UNUSED_VARIABLE = YES;
				IPHONEOS_DEPLOYMENT_TARGET = 15.4;
				MTL_ENABLE_DEBUG_INFO = NO;
				MTL_FAST_MATH = YES;
				SDKROOT = iphoneos;
				SWIFT_COMPILATION_MODE = wholemodule;
				SWIFT_OPTIMIZATION_LEVEL = "-O";
				VALIDATE_PRODUCT = YES;
			};
			name = Release;
		};
		BD97399B2817DECC00C1FF0A /* Debug */ = {
			isa = XCBuildConfiguration;
			buildSettings = {
				ASSETCATALOG_COMPILER_GLOBAL_ACCENT_COLOR_NAME = AccentColor;
				ASSETCATALOG_COMPILER_INCLUDE_ALL_APPICON_ASSETS = YES;
				CODE_SIGN_STYLE = Automatic;
				CURRENT_PROJECT_VERSION = 1;
				DEVELOPMENT_TEAM = G54U8T2A67;
				GENERATE_INFOPLIST_FILE = YES;
				INFOPLIST_FILE = Nano1/Info.plist;
				INFOPLIST_KEY_UIApplicationSupportsIndirectInputEvents = YES;
				INFOPLIST_KEY_UILaunchStoryboardName = LaunchScreen;
				INFOPLIST_KEY_UIMainStoryboardFile = Main;
				INFOPLIST_KEY_UISupportedInterfaceOrientations_iPad = "UIInterfaceOrientationPortrait UIInterfaceOrientationPortraitUpsideDown UIInterfaceOrientationLandscapeLeft UIInterfaceOrientationLandscapeRight";
				INFOPLIST_KEY_UISupportedInterfaceOrientations_iPhone = "UIInterfaceOrientationPortrait UIInterfaceOrientationLandscapeLeft UIInterfaceOrientationLandscapeRight";
				LD_RUNPATH_SEARCH_PATHS = (
					"$(inherited)",
					"@executable_path/Frameworks",
				);
				MARKETING_VERSION = 1.0;
				PRODUCT_BUNDLE_IDENTIFIER = hardisty.Nano1;
				PRODUCT_NAME = "$(TARGET_NAME)";
				SWIFT_EMIT_LOC_STRINGS = YES;
				SWIFT_VERSION = 5.0;
				TARGETED_DEVICE_FAMILY = "1,2";
			};
			name = Debug;
		};
		BD97399C2817DECC00C1FF0A /* Release */ = {
			isa = XCBuildConfiguration;
			buildSettings = {
				ASSETCATALOG_COMPILER_GLOBAL_ACCENT_COLOR_NAME = AccentColor;
				ASSETCATALOG_COMPILER_INCLUDE_ALL_APPICON_ASSETS = YES;
				CODE_SIGN_STYLE = Automatic;
				CURRENT_PROJECT_VERSION = 1;
				DEVELOPMENT_TEAM = G54U8T2A67;
				GENERATE_INFOPLIST_FILE = YES;
				INFOPLIST_FILE = Nano1/Info.plist;
				INFOPLIST_KEY_UIApplicationSupportsIndirectInputEvents = YES;
				INFOPLIST_KEY_UILaunchStoryboardName = LaunchScreen;
				INFOPLIST_KEY_UIMainStoryboardFile = Main;
				INFOPLIST_KEY_UISupportedInterfaceOrientations_iPad = "UIInterfaceOrientationPortrait UIInterfaceOrientationPortraitUpsideDown UIInterfaceOrientationLandscapeLeft UIInterfaceOrientationLandscapeRight";
				INFOPLIST_KEY_UISupportedInterfaceOrientations_iPhone = "UIInterfaceOrientationPortrait UIInterfaceOrientationLandscapeLeft UIInterfaceOrientationLandscapeRight";
				LD_RUNPATH_SEARCH_PATHS = (
					"$(inherited)",
					"@executable_path/Frameworks",
				);
				MARKETING_VERSION = 1.0;
				PRODUCT_BUNDLE_IDENTIFIER = hardisty.Nano1;
				PRODUCT_NAME = "$(TARGET_NAME)";
				SWIFT_EMIT_LOC_STRINGS = YES;
				SWIFT_VERSION = 5.0;
				TARGETED_DEVICE_FAMILY = "1,2";
			};
			name = Release;
		};
/* End XCBuildConfiguration section */

/* Begin XCConfigurationList section */
		BD9739812817DECC00C1FF0A /* Build configuration list for PBXProject "Nano1" */ = {
			isa = XCConfigurationList;
			buildConfigurations = (
				BD9739982817DECC00C1FF0A /* Debug */,
				BD9739992817DECC00C1FF0A /* Release */,
			);
			defaultConfigurationIsVisible = 0;
			defaultConfigurationName = Release;
		};
		BD97399A2817DECC00C1FF0A /* Build configuration list for PBXNativeTarget "Nano1" */ = {
			isa = XCConfigurationList;
			buildConfigurations = (
				BD97399B2817DECC00C1FF0A /* Debug */,
				BD97399C2817DECC00C1FF0A /* Release */,
			);
			defaultConfigurationIsVisible = 0;
			defaultConfigurationName = Release;
		};
/* End XCConfigurationList section */
	};
	rootObject = BD97397E2817DECC00C1FF0A /* Project object */;
}
