// !$*UTF8*$!
{
	archiveVersion = 1;
	classes = {
	};
	objectVersion = 55;
	objects = {

/* Begin PBXBuildFile section */
		BD4E60A9281AD9A300897F42 /* SerumTableViewCell.swift in Sources */ = {isa = PBXBuildFile; fileRef = BD4E60A7281AD9A300897F42 /* SerumTableViewCell.swift */; };
		BD4E60AA281AD9A300897F42 /* SerumTableViewCell.xib in Resources */ = {isa = PBXBuildFile; fileRef = BD4E60A8281AD9A300897F42 /* SerumTableViewCell.xib */; };
		BDAABE39281AD299003DC142 /* AppDelegate.swift in Sources */ = {isa = PBXBuildFile; fileRef = BDAABE38281AD299003DC142 /* AppDelegate.swift */; };
		BDAABE3B281AD299003DC142 /* SceneDelegate.swift in Sources */ = {isa = PBXBuildFile; fileRef = BDAABE3A281AD299003DC142 /* SceneDelegate.swift */; };
		BDAABE3D281AD299003DC142 /* ViewController.swift in Sources */ = {isa = PBXBuildFile; fileRef = BDAABE3C281AD299003DC142 /* ViewController.swift */; };
		BDAABE40281AD299003DC142 /* Main.storyboard in Resources */ = {isa = PBXBuildFile; fileRef = BDAABE3E281AD299003DC142 /* Main.storyboard */; };
		BDAABE42281AD299003DC142 /* Assets.xcassets in Resources */ = {isa = PBXBuildFile; fileRef = BDAABE41281AD299003DC142 /* Assets.xcassets */; };
		BDAABE45281AD299003DC142 /* LaunchScreen.storyboard in Resources */ = {isa = PBXBuildFile; fileRef = BDAABE43281AD299003DC142 /* LaunchScreen.storyboard */; };
/* End PBXBuildFile section */

/* Begin PBXFileReference section */
		BD4E60A7281AD9A300897F42 /* SerumTableViewCell.swift */ = {isa = PBXFileReference; lastKnownFileType = sourcecode.swift; path = SerumTableViewCell.swift; sourceTree = "<group>"; };
		BD4E60A8281AD9A300897F42 /* SerumTableViewCell.xib */ = {isa = PBXFileReference; lastKnownFileType = file.xib; path = SerumTableViewCell.xib; sourceTree = "<group>"; };
		BDAABE35281AD299003DC142 /* ProjectNano1.app */ = {isa = PBXFileReference; explicitFileType = wrapper.application; includeInIndex = 0; path = ProjectNano1.app; sourceTree = BUILT_PRODUCTS_DIR; };
		BDAABE38281AD299003DC142 /* AppDelegate.swift */ = {isa = PBXFileReference; lastKnownFileType = sourcecode.swift; path = AppDelegate.swift; sourceTree = "<group>"; };
		BDAABE3A281AD299003DC142 /* SceneDelegate.swift */ = {isa = PBXFileReference; lastKnownFileType = sourcecode.swift; path = SceneDelegate.swift; sourceTree = "<group>"; };
		BDAABE3C281AD299003DC142 /* ViewController.swift */ = {isa = PBXFileReference; lastKnownFileType = sourcecode.swift; path = ViewController.swift; sourceTree = "<group>"; };
		BDAABE3F281AD299003DC142 /* Base */ = {isa = PBXFileReference; lastKnownFileType = file.storyboard; name = Base; path = Base.lproj/Main.storyboard; sourceTree = "<group>"; };
		BDAABE41281AD299003DC142 /* Assets.xcassets */ = {isa = PBXFileReference; lastKnownFileType = folder.assetcatalog; path = Assets.xcassets; sourceTree = "<group>"; };
		BDAABE44281AD299003DC142 /* Base */ = {isa = PBXFileReference; lastKnownFileType = file.storyboard; name = Base; path = Base.lproj/LaunchScreen.storyboard; sourceTree = "<group>"; };
		BDAABE46281AD299003DC142 /* Info.plist */ = {isa = PBXFileReference; lastKnownFileType = text.plist.xml; path = Info.plist; sourceTree = "<group>"; };
/* End PBXFileReference section */

/* Begin PBXFrameworksBuildPhase section */
		BDAABE32281AD299003DC142 /* Frameworks */ = {
			isa = PBXFrameworksBuildPhase;
			buildActionMask = 2147483647;
			files = (
			);
			runOnlyForDeploymentPostprocessing = 0;
		};
/* End PBXFrameworksBuildPhase section */

/* Begin PBXGroup section */
		BDAABE2C281AD299003DC142 = {
			isa = PBXGroup;
			children = (
				BDAABE37281AD299003DC142 /* ProjectNano1 */,
				BDAABE36281AD299003DC142 /* Products */,
			);
			sourceTree = "<group>";
		};
		BDAABE36281AD299003DC142 /* Products */ = {
			isa = PBXGroup;
			children = (
				BDAABE35281AD299003DC142 /* ProjectNano1.app */,
			);
			name = Products;
			sourceTree = "<group>";
		};
		BDAABE37281AD299003DC142 /* ProjectNano1 */ = {
			isa = PBXGroup;
			children = (
				BDAABE38281AD299003DC142 /* AppDelegate.swift */,
				BDAABE3A281AD299003DC142 /* SceneDelegate.swift */,
				BDAABE3C281AD299003DC142 /* ViewController.swift */,
				BDAABE3E281AD299003DC142 /* Main.storyboard */,
				BDAABE41281AD299003DC142 /* Assets.xcassets */,
				BDAABE43281AD299003DC142 /* LaunchScreen.storyboard */,
				BDAABE46281AD299003DC142 /* Info.plist */,
				BD4E60A7281AD9A300897F42 /* SerumTableViewCell.swift */,
				BD4E60A8281AD9A300897F42 /* SerumTableViewCell.xib */,
			);
			path = ProjectNano1;
			sourceTree = "<group>";
		};
/* End PBXGroup section */

/* Begin PBXNativeTarget section */
		BDAABE34281AD299003DC142 /* ProjectNano1 */ = {
			isa = PBXNativeTarget;
			buildConfigurationList = BDAABE49281AD299003DC142 /* Build configuration list for PBXNativeTarget "ProjectNano1" */;
			buildPhases = (
				BDAABE31281AD299003DC142 /* Sources */,
				BDAABE32281AD299003DC142 /* Frameworks */,
				BDAABE33281AD299003DC142 /* Resources */,
			);
			buildRules = (
			);
			dependencies = (
			);
			name = ProjectNano1;
			productName = ProjectNano1;
			productReference = BDAABE35281AD299003DC142 /* ProjectNano1.app */;
			productType = "com.apple.product-type.application";
		};
/* End PBXNativeTarget section */

/* Begin PBXProject section */
		BDAABE2D281AD299003DC142 /* Project object */ = {
			isa = PBXProject;
			attributes = {
				BuildIndependentTargetsInParallel = 1;
				LastSwiftUpdateCheck = 1330;
				LastUpgradeCheck = 1330;
				TargetAttributes = {
					BDAABE34281AD299003DC142 = {
						CreatedOnToolsVersion = 13.3;
					};
				};
			};
			buildConfigurationList = BDAABE30281AD299003DC142 /* Build configuration list for PBXProject "ProjectNano1" */;
			compatibilityVersion = "Xcode 13.0";
			developmentRegion = en;
			hasScannedForEncodings = 0;
			knownRegions = (
				en,
				Base,
			);
			mainGroup = BDAABE2C281AD299003DC142;
			productRefGroup = BDAABE36281AD299003DC142 /* Products */;
			projectDirPath = "";
			projectRoot = "";
			targets = (
				BDAABE34281AD299003DC142 /* ProjectNano1 */,
			);
		};
/* End PBXProject section */

/* Begin PBXResourcesBuildPhase section */
		BDAABE33281AD299003DC142 /* Resources */ = {
			isa = PBXResourcesBuildPhase;
			buildActionMask = 2147483647;
			files = (
				BDAABE45281AD299003DC142 /* LaunchScreen.storyboard in Resources */,
				BDAABE42281AD299003DC142 /* Assets.xcassets in Resources */,
				BD4E60AA281AD9A300897F42 /* SerumTableViewCell.xib in Resources */,
				BDAABE40281AD299003DC142 /* Main.storyboard in Resources */,
			);
			runOnlyForDeploymentPostprocessing = 0;
		};
/* End PBXResourcesBuildPhase section */

/* Begin PBXSourcesBuildPhase section */
		BDAABE31281AD299003DC142 /* Sources */ = {
			isa = PBXSourcesBuildPhase;
			buildActionMask = 2147483647;
			files = (
				BDAABE3D281AD299003DC142 /* ViewController.swift in Sources */,
				BDAABE39281AD299003DC142 /* AppDelegate.swift in Sources */,
				BD4E60A9281AD9A300897F42 /* SerumTableViewCell.swift in Sources */,
				BDAABE3B281AD299003DC142 /* SceneDelegate.swift in Sources */,
			);
			runOnlyForDeploymentPostprocessing = 0;
		};
/* End PBXSourcesBuildPhase section */

/* Begin PBXVariantGroup section */
		BDAABE3E281AD299003DC142 /* Main.storyboard */ = {
			isa = PBXVariantGroup;
			children = (
				BDAABE3F281AD299003DC142 /* Base */,
			);
			name = Main.storyboard;
			sourceTree = "<group>";
		};
		BDAABE43281AD299003DC142 /* LaunchScreen.storyboard */ = {
			isa = PBXVariantGroup;
			children = (
				BDAABE44281AD299003DC142 /* Base */,
			);
			name = LaunchScreen.storyboard;
			sourceTree = "<group>";
		};
/* End PBXVariantGroup section */

/* Begin XCBuildConfiguration section */
		BDAABE47281AD299003DC142 /* Debug */ = {
			isa = XCBuildConfiguration;
			buildSettings = {
				ALWAYS_SEARCH_USER_PATHS = NO;
				CLANG_ANALYZER_NONNULL = YES;
				CLANG_ANALYZER_NUMBER_OBJECT_CONVERSION = YES_AGGRESSIVE;
				CLANG_CXX_LANGUAGE_STANDARD = "gnu++17";
				CLANG_ENABLE_MODULES = YES;
				CLANG_ENABLE_OBJC_ARC = YES;
				CLANG_ENABLE_OBJC_WEAK = YES;
				CLANG_WARN_BLOCK_CAPTURE_AUTORELEASING = YES;
				CLANG_WARN_BOOL_CONVERSION = YES;
				CLANG_WARN_COMMA = YES;
				CLANG_WARN_CONSTANT_CONVERSION = YES;
				CLANG_WARN_DEPRECATED_OBJC_IMPLEMENTATIONS = YES;
				CLANG_WARN_DIRECT_OBJC_ISA_USAGE = YES_ERROR;
				CLANG_WARN_DOCUMENTATION_COMMENTS = YES;
				CLANG_WARN_EMPTY_BODY = YES;
				CLANG_WARN_ENUM_CONVERSION = YES;
				CLANG_WARN_INFINITE_RECURSION = YES;
				CLANG_WARN_INT_CONVERSION = YES;
				CLANG_WARN_NON_LITERAL_NULL_CONVERSION = YES;
				CLANG_WARN_OBJC_IMPLICIT_RETAIN_SELF = YES;
				CLANG_WARN_OBJC_LITERAL_CONVERSION = YES;
				CLANG_WARN_OBJC_ROOT_CLASS = YES_ERROR;
				CLANG_WARN_QUOTED_INCLUDE_IN_FRAMEWORK_HEADER = YES;
				CLANG_WARN_RANGE_LOOP_ANALYSIS = YES;
				CLANG_WARN_STRICT_PROTOTYPES = YES;
				CLANG_WARN_SUSPICIOUS_MOVE = YES;
				CLANG_WARN_UNGUARDED_AVAILABILITY = YES_AGGRESSIVE;
				CLANG_WARN_UNREACHABLE_CODE = YES;
				CLANG_WARN__DUPLICATE_METHOD_MATCH = YES;
				COPY_PHASE_STRIP = NO;
				DEBUG_INFORMATION_FORMAT = dwarf;
				ENABLE_STRICT_OBJC_MSGSEND = YES;
				ENABLE_TESTABILITY = YES;
				GCC_C_LANGUAGE_STANDARD = gnu11;
				GCC_DYNAMIC_NO_PIC = NO;
				GCC_NO_COMMON_BLOCKS = YES;
				GCC_OPTIMIZATION_LEVEL = 0;
				GCC_PREPROCESSOR_DEFINITIONS = (
					"DEBUG=1",
					"$(inherited)",
				);
				GCC_WARN_64_TO_32_BIT_CONVERSION = YES;
				GCC_WARN_ABOUT_RETURN_TYPE = YES_ERROR;
				GCC_WARN_UNDECLARED_SELECTOR = YES;
				GCC_WARN_UNINITIALIZED_AUTOS = YES_AGGRESSIVE;
				GCC_WARN_UNUSED_FUNCTION = YES;
				GCC_WARN_UNUSED_VARIABLE = YES;
				IPHONEOS_DEPLOYMENT_TARGET = 15.4;
				MTL_ENABLE_DEBUG_INFO = INCLUDE_SOURCE;
				MTL_FAST_MATH = YES;
				ONLY_ACTIVE_ARCH = YES;
				SDKROOT = iphoneos;
				SWIFT_ACTIVE_COMPILATION_CONDITIONS = DEBUG;
				SWIFT_OPTIMIZATION_LEVEL = "-Onone";
			};
			name = Debug;
		};
		BDAABE48281AD299003DC142 /* Release */ = {
			isa = XCBuildConfiguration;
			buildSettings = {
				ALWAYS_SEARCH_USER_PATHS = NO;
				CLANG_ANALYZER_NONNULL = YES;
				CLANG_ANALYZER_NUMBER_OBJECT_CONVERSION = YES_AGGRESSIVE;
				CLANG_CXX_LANGUAGE_STANDARD = "gnu++17";
				CLANG_ENABLE_MODULES = YES;
				CLANG_ENABLE_OBJC_ARC = YES;
				CLANG_ENABLE_OBJC_WEAK = YES;
				CLANG_WARN_BLOCK_CAPTURE_AUTORELEASING = YES;
				CLANG_WARN_BOOL_CONVERSION = YES;
				CLANG_WARN_COMMA = YES;
				CLANG_WARN_CONSTANT_CONVERSION = YES;
				CLANG_WARN_DEPRECATED_OBJC_IMPLEMENTATIONS = YES;
				CLANG_WARN_DIRECT_OBJC_ISA_USAGE = YES_ERROR;
				CLANG_WARN_DOCUMENTATION_COMMENTS = YES;
				CLANG_WARN_EMPTY_BODY = YES;
				CLANG_WARN_ENUM_CONVERSION = YES;
				CLANG_WARN_INFINITE_RECURSION = YES;
				CLANG_WARN_INT_CONVERSION = YES;
				CLANG_WARN_NON_LITERAL_NULL_CONVERSION = YES;
				CLANG_WARN_OBJC_IMPLICIT_RETAIN_SELF = YES;
				CLANG_WARN_OBJC_LITERAL_CONVERSION = YES;
				CLANG_WARN_OBJC_ROOT_CLASS = YES_ERROR;
				CLANG_WARN_QUOTED_INCLUDE_IN_FRAMEWORK_HEADER = YES;
				CLANG_WARN_RANGE_LOOP_ANALYSIS = YES;
				CLANG_WARN_STRICT_PROTOTYPES = YES;
				CLANG_WARN_SUSPICIOUS_MOVE = YES;
				CLANG_WARN_UNGUARDED_AVAILABILITY = YES_AGGRESSIVE;
				CLANG_WARN_UNREACHABLE_CODE = YES;
				CLANG_WARN__DUPLICATE_METHOD_MATCH = YES;
				COPY_PHASE_STRIP = NO;
				DEBUG_INFORMATION_FORMAT = "dwarf-with-dsym";
				ENABLE_NS_ASSERTIONS = NO;
				ENABLE_STRICT_OBJC_MSGSEND = YES;
				GCC_C_LANGUAGE_STANDARD = gnu11;
				GCC_NO_COMMON_BLOCKS = YES;
				GCC_WARN_64_TO_32_BIT_CONVERSION = YES;
				GCC_WARN_ABOUT_RETURN_TYPE = YES_ERROR;
				GCC_WARN_UNDECLARED_SELECTOR = YES;
				GCC_WARN_UNINITIALIZED_AUTOS = YES_AGGRESSIVE;
				GCC_WARN_UNUSED_FUNCTION = YES;
				GCC_WARN_UNUSED_VARIABLE = YES;
				IPHONEOS_DEPLOYMENT_TARGET = 15.4;
				MTL_ENABLE_DEBUG_INFO = NO;
				MTL_FAST_MATH = YES;
				SDKROOT = iphoneos;
				SWIFT_COMPILATION_MODE = wholemodule;
				SWIFT_OPTIMIZATION_LEVEL = "-O";
				VALIDATE_PRODUCT = YES;
			};
			name = Release;
		};
		BDAABE4A281AD299003DC142 /* Debug */ = {
			isa = XCBuildConfiguration;
			buildSettings = {
				ASSETCATALOG_COMPILER_APPICON_NAME = AppIcon;
				ASSETCATALOG_COMPILER_GLOBAL_ACCENT_COLOR_NAME = AccentColor;
				CODE_SIGN_STYLE = Automatic;
				CURRENT_PROJECT_VERSION = 1;
				DEVELOPMENT_TEAM = G54U8T2A67;
				GENERATE_INFOPLIST_FILE = YES;
				INFOPLIST_FILE = ProjectNano1/Info.plist;
				INFOPLIST_KEY_UIApplicationSupportsIndirectInputEvents = YES;
				INFOPLIST_KEY_UILaunchStoryboardName = LaunchScreen;
				INFOPLIST_KEY_UIMainStoryboardFile = Main;
				INFOPLIST_KEY_UISupportedInterfaceOrientations_iPad = "UIInterfaceOrientationPortrait UIInterfaceOrientationPortraitUpsideDown UIInterfaceOrientationLandscapeLeft UIInterfaceOrientationLandscapeRight";
				INFOPLIST_KEY_UISupportedInterfaceOrientations_iPhone = "UIInterfaceOrientationPortrait UIInterfaceOrientationLandscapeLeft UIInterfaceOrientationLandscapeRight";
				LD_RUNPATH_SEARCH_PATHS = (
					"$(inherited)",
					"@executable_path/Frameworks",
				);
				MARKETING_VERSION = 1.0;
				PRODUCT_BUNDLE_IDENTIFIER = hardisty.ProjectNano1;
				PRODUCT_NAME = "$(TARGET_NAME)";
				SWIFT_EMIT_LOC_STRINGS = YES;
				SWIFT_VERSION = 5.0;
				TARGETED_DEVICE_FAMILY = "1,2";
			};
			name = Debug;
		};
		BDAABE4B281AD299003DC142 /* Release */ = {
			isa = XCBuildConfiguration;
			buildSettings = {
				ASSETCATALOG_COMPILER_APPICON_NAME = AppIcon;
				ASSETCATALOG_COMPILER_GLOBAL_ACCENT_COLOR_NAME = AccentColor;
				CODE_SIGN_STYLE = Automatic;
				CURRENT_PROJECT_VERSION = 1;
				DEVELOPMENT_TEAM = G54U8T2A67;
				GENERATE_INFOPLIST_FILE = YES;
				INFOPLIST_FILE = ProjectNano1/Info.plist;
				INFOPLIST_KEY_UIApplicationSupportsIndirectInputEvents = YES;
				INFOPLIST_KEY_UILaunchStoryboardName = LaunchScreen;
				INFOPLIST_KEY_UIMainStoryboardFile = Main;
				INFOPLIST_KEY_UISupportedInterfaceOrientations_iPad = "UIInterfaceOrientationPortrait UIInterfaceOrientationPortraitUpsideDown UIInterfaceOrientationLandscapeLeft UIInterfaceOrientationLandscapeRight";
				INFOPLIST_KEY_UISupportedInterfaceOrientations_iPhone = "UIInterfaceOrientationPortrait UIInterfaceOrientationLandscapeLeft UIInterfaceOrientationLandscapeRight";
				LD_RUNPATH_SEARCH_PATHS = (
					"$(inherited)",
					"@executable_path/Frameworks",
				);
				MARKETING_VERSION = 1.0;
				PRODUCT_BUNDLE_IDENTIFIER = hardisty.ProjectNano1;
				PRODUCT_NAME = "$(TARGET_NAME)";
				SWIFT_EMIT_LOC_STRINGS = YES;
				SWIFT_VERSION = 5.0;
				TARGETED_DEVICE_FAMILY = "1,2";
			};
			name = Release;
		};
/* End XCBuildConfiguration section */

/* Begin XCConfigurationList section */
		BDAABE30281AD299003DC142 /* Build configuration list for PBXProject "ProjectNano1" */ = {
			isa = XCConfigurationList;
			buildConfigurations = (
				BDAABE47281AD299003DC142 /* Debug */,
				BDAABE48281AD299003DC142 /* Release */,
			);
			defaultConfigurationIsVisible = 0;
			defaultConfigurationName = Release;
		};
		BDAABE49281AD299003DC142 /* Build configuration list for PBXNativeTarget "ProjectNano1" */ = {
			isa = XCConfigurationList;
			buildConfigurations = (
				BDAABE4A281AD299003DC142 /* Debug */,
				BDAABE4B281AD299003DC142 /* Release */,
			);
			defaultConfigurationIsVisible = 0;
			defaultConfigurationName = Release;
		};
/* End XCConfigurationList section */
	};
	rootObject = BDAABE2D281AD299003DC142 /* Project object */;
}
